
Microsoft Visual Studio Solution File, Format Version 12.00
# Visual Studio 15
Project("{FAE04EC0-301F-11D3-BF4B-00C04F79EFBC}") = "Assembly-CSharp-firstpass", "Assembly-CSharp-firstpass.csproj", "{AF9E7213-24CB-B1A1-48D2-0032ACC66794}"
EndProject
Project("{FAE04EC0-301F-11D3-BF4B-00C04F79EFBC}") = "Assembly-CSharp", "Assembly-CSharp.csproj", "{EC0963D8-8526-9A11-BD29-31005A776B94}"
EndProject
Project("{FAE04EC0-301F-11D3-BF4B-00C04F79EFBC}") = "Assembly-CSharp-Editor-firstpass", "Assembly-CSharp-Editor-firstpass.csproj", "{80C323BE-AC41-ED25-AB21-A1B4B13B1C7E}"
EndProject
Project("{FAE04EC0-301F-11D3-BF4B-00C04F79EFBC}") = "Assembly-CSharp-Editor", "Assembly-CSharp-Editor.csproj", "{AD3D6616-C7B7-0510-C83C-45C966156AEC}"
EndProject
Global
	GlobalSection(SolutionConfigurationPlatforms) = preSolution
		Debug|Any CPU = Debug|Any CPU
		Release|Any CPU = Release|Any CPU
	EndGlobalSection
	GlobalSection(ProjectConfigurationPlatforms) = postSolution
		{AF9E7213-24CB-B1A1-48D2-0032ACC66794}.Debug|Any CPU.ActiveCfg = Debug|Any CPU
		{AF9E7213-24CB-B1A1-48D2-0032ACC66794}.Debug|Any CPU.Build.0 = Debug|Any CPU
		{AF9E7213-24CB-B1A1-48D2-0032ACC66794}.Release|Any CPU.ActiveCfg = Release|Any CPU
		{AF9E7213-24CB-B1A1-48D2-0032ACC66794}.Release|Any CPU.Build.0 = Release|Any CPU
		{EC0963D8-8526-9A11-BD29-31005A776B94}.Debug|Any CPU.ActiveCfg = Debug|Any CPU
		{EC0963D8-8526-9A11-BD29-31005A776B94}.Debug|Any CPU.Build.0 = Debug|Any CPU
		{EC0963D8-8526-9A11-BD29-31005A776B94}.Release|Any CPU.ActiveCfg = Release|Any CPU
		{EC0963D8-8526-9A11-BD29-31005A776B94}.Release|Any CPU.Build.0 = Release|Any CPU
		{80C323BE-AC41-ED25-AB21-A1B4B13B1C7E}.Debug|Any CPU.ActiveCfg = Debug|Any CPU
		{80C323BE-AC41-ED25-AB21-A1B4B13B1C7E}.Debug|Any CPU.Build.0 = Debug|Any CPU
		{80C323BE-AC41-ED25-AB21-A1B4B13B1C7E}.Release|Any CPU.ActiveCfg = Release|Any CPU
		{80C323BE-AC41-ED25-AB21-A1B4B13B1C7E}.Release|Any CPU.Build.0 = Release|Any CPU
		{AD3D6616-C7B7-0510-C83C-45C966156AEC}.Debug|Any CPU.ActiveCfg = Debug|Any CPU
		{AD3D6616-C7B7-0510-C83C-45C966156AEC}.Debug|Any CPU.Build.0 = Debug|Any CPU
		{AD3D6616-C7B7-0510-C83C-45C966156AEC}.Release|Any CPU.ActiveCfg = Release|Any CPU
		{AD3D6616-C7B7-0510-C83C-45C966156AEC}.Release|Any CPU.Build.0 = Release|Any CPU
	EndGlobalSection
	GlobalSection(SolutionProperties) = preSolution
		HideSolutionNode = FALSE
	EndGlobalSection
EndGlobal
